{
  "name": "chinscraper",
  "version": "1.0.0",
  "lockfileVersion": 2,
  "requires": true,
  "packages": {
    "": {
      "name": "chinscraper",
      "version": "1.0.0",
      "license": "MIT",
      "dependencies": {
        "@types/node": "^17.0.16",
        "node-downloader-helper": "^2.0.1"
      }
    },
    "node_modules/@types/node": {
      "version": "17.0.16",
      "resolved": "https://registry.npmjs.org/@types/node/-/node-17.0.16.tgz",
      "integrity": "sha512-ydLaGVfQOQ6hI1xK2A5nVh8bl0OGoIfYMxPWHqqYe9bTkWCfqiVvZoh2I/QF2sNSkZzZyROBoTefIEI+PB6iIA=="
    },
    "node_modules/node-downloader-helper": {
      "version": "2.0.1",
      "resolved": "https://registry.npmjs.org/node-downloader-helper/-/node-downloader-helper-2.0.1.tgz",
      "integrity": "sha512-qfLACEZl6WnhNrO9agUL5JITtgI5Zk1iXJ19sMh7VUNj+LgnhWnVZcMMXoGv1d/yiNuPDGF2tOSkizVBOgxpyw==",
      "bin": {
        "ndh": "bin/ndh"
      },
      "engines": {
        "node": ">=14.18"
      }
    }
  },
  "dependencies": {
    "@types/node": {
      "version": "17.0.16",
      "resolved": "https://registry.npmjs.org/@types/node/-/node-17.0.16.tgz",
      "integrity": "sha512-ydLaGVfQOQ6hI1xK2A5nVh8bl0OGoIfYMxPWHqqYe9bTkWCfqiVvZoh2I/QF2sNSkZzZyROBoTefIEI+PB6iIA=="
    },
    "node-downloader-helper": {
      "version": "2.0.1",
      "resolved": "https://registry.npmjs.org/node-downloader-helper/-/node-downloader-helper-2.0.1.tgz",
      "integrity": "sha512-qfLACEZl6WnhNrO9agUL5JITtgI5Zk1iXJ19sMh7VUNj+LgnhWnVZcMMXoGv1d/yiNuPDGF2tOSkizVBOgxpyw=="
    }
  }
}
